
Microsoft Visual Studio Solution File, Format Version 12.00
# Visual Studio Version 17
VisualStudioVersion = 17.12.35506.116 d17.12
MinimumVisualStudioVersion = 10.0.40219.1
Project("{FAE04EC0-301F-11D3-BF4B-00C04F79EFBC}") = "BankAccountSystem", "BankAccountSystem\BankAccountSystem.csproj", "{C285D4BB-9FC1-4712-8D26-04A47C1A366C}"
EndProject
Global
	GlobalSection(SolutionConfigurationPlatforms) = preSolution
		Debug|Any CPU = Debug|Any CPU
		Release|Any CPU = Release|Any CPU
	EndGlobalSection
	GlobalSection(ProjectConfigurationPlatforms) = postSolution
		{C285D4BB-9FC1-4712-8D26-04A47C1A366C}.Debug|Any CPU.ActiveCfg = Debug|Any CPU
		{C285D4BB-9FC1-4712-8D26-04A47C1A366C}.Debug|Any CPU.Build.0 = Debug|Any CPU
		{C285D4BB-9FC1-4712-8D26-04A47C1A366C}.Release|Any CPU.ActiveCfg = Release|Any CPU
		{C285D4BB-9FC1-4712-8D26-04A47C1A366C}.Release|Any CPU.Build.0 = Release|Any CPU
	EndGlobalSection
	GlobalSection(SolutionProperties) = preSolution
		HideSolutionNode = FALSE
	EndGlobalSection
EndGlobal
